
Microsoft Visual Studio Solution File, Format Version 12.00
# Visual Studio 15
VisualStudioVersion = 15.0.28307.168
MinimumVisualStudioVersion = 10.0.40219.1
Project("{FAE04EC0-301F-11D3-BF4B-00C04F79EFBC}") = "SendFaxConsole", "SendFaxConsole\SendFaxConsole.csproj", "{AD8A18D1-6A79-4084-9A22-3178D6544DB3}"
EndProject
Global
	GlobalSection(SolutionConfigurationPlatforms) = preSolution
		Debug|Any CPU = Debug|Any CPU
		Release|Any CPU = Release|Any CPU
	EndGlobalSection
	GlobalSection(ProjectConfigurationPlatforms) = postSolution
		{AD8A18D1-6A79-4084-9A22-3178D6544DB3}.Debug|Any CPU.ActiveCfg = Debug|Any CPU
		{AD8A18D1-6A79-4084-9A22-3178D6544DB3}.Debug|Any CPU.Build.0 = Debug|Any CPU
		{AD8A18D1-6A79-4084-9A22-3178D6544DB3}.Release|Any CPU.ActiveCfg = Release|Any CPU
		{AD8A18D1-6A79-4084-9A22-3178D6544DB3}.Release|Any CPU.Build.0 = Release|Any CPU
	EndGlobalSection
	GlobalSection(SolutionProperties) = preSolution
		HideSolutionNode = FALSE
	EndGlobalSection
	GlobalSection(ExtensibilityGlobals) = postSolution
		SolutionGuid = {18883E3E-9E66-4DF3-A2F6-F7E22B0EC357}
	EndGlobalSection
EndGlobal
